// !$*UTF8*$!
{
	archiveVersion = 1;
	classes = {
	};
	objectVersion = 46;
	objects = {

/* Begin PBXBuildFile section */
		FBA25D811F1E70760026AB95 /* main.m in Sources */ = {isa = PBXBuildFile; fileRef = FBA25D801F1E70760026AB95 /* main.m */; };
		FBA25D841F1E70760026AB95 /* AppDelegate.m in Sources */ = {isa = PBXBuildFile; fileRef = FBA25D831F1E70760026AB95 /* AppDelegate.m */; };
		FBA25D871F1E70760026AB95 /* ViewController.m in Sources */ = {isa = PBXBuildFile; fileRef = FBA25D861F1E70760026AB95 /* ViewController.m */; };
		FBA25D8A1F1E70760026AB95 /* Main.storyboard in Resources */ = {isa = PBXBuildFile; fileRef = FBA25D881F1E70760026AB95 /* Main.storyboard */; };
		FBA25D8C1F1E70760026AB95 /* Assets.xcassets in Resources */ = {isa = PBXBuildFile; fileRef = FBA25D8B1F1E70760026AB95 /* Assets.xcassets */; };
		FBA25D8F1F1E70760026AB95 /* LaunchScreen.storyboard in Resources */ = {isa = PBXBuildFile; fileRef = FBA25D8D1F1E70760026AB95 /* LaunchScreen.storyboard */; };
		FBA25D9A1F1E70760026AB95 /* chuangke2Tests.m in Sources */ = {isa = PBXBuildFile; fileRef = FBA25D991F1E70760026AB95 /* chuangke2Tests.m */; };
		FBA25DA51F1E70760026AB95 /* chuangke2UITests.m in Sources */ = {isa = PBXBuildFile; fileRef = FBA25DA41F1E70760026AB95 /* chuangke2UITests.m */; };
/* End PBXBuildFile section */

/* Begin PBXContainerItemProxy section */
		FBA25D961F1E70760026AB95 /* PBXContainerItemProxy */ = {
			isa = PBXContainerItemProxy;
			containerPortal = FBA25D741F1E70750026AB95 /* Project object */;
			proxyType = 1;
			remoteGlobalIDString = FBA25D7B1F1E70750026AB95;
			remoteInfo = chuangke2;
		};
		FBA25DA11F1E70760026AB95 /* PBXContainerItemProxy */ = {
			isa = PBXContainerItemProxy;
			containerPortal = FBA25D741F1E70750026AB95 /* Project object */;
			proxyType = 1;
			remoteGlobalIDString = FBA25D7B1F1E70750026AB95;
			remoteInfo = chuangke2;
		};
/* End PBXContainerItemProxy section */

/* Begin PBXFileReference section */
		FBA25D7C1F1E70760026AB95 /* chuangke2.app */ = {isa = PBXFileReference; explicitFileType = wrapper.application; includeInIndex = 0; path = chuangke2.app; sourceTree = BUILT_PRODUCTS_DIR; };
		FBA25D801F1E70760026AB95 /* main.m */ = {isa = PBXFileReference; lastKnownFileType = sourcecode.c.objc; path = main.m; sourceTree = "<group>"; };
		FBA25D821F1E70760026AB95 /* AppDelegate.h */ = {isa = PBXFileReference; lastKnownFileType = sourcecode.c.h; path = AppDelegate.h; sourceTree = "<group>"; };
		FBA25D831F1E70760026AB95 /* AppDelegate.m */ = {isa = PBXFileReference; lastKnownFileType = sourcecode.c.objc; path = AppDelegate.m; sourceTree = "<group>"; };
		FBA25D851F1E70760026AB95 /* ViewController.h */ = {isa = PBXFileReference; lastKnownFileType = sourcecode.c.h; path = ViewController.h; sourceTree = "<group>"; };
		FBA25D861F1E70760026AB95 /* ViewController.m */ = {isa = PBXFileReference; lastKnownFileType = sourcecode.c.objc; path = ViewController.m; sourceTree = "<group>"; };
		FBA25D891F1E70760026AB95 /* Base */ = {isa = PBXFileReference; lastKnownFileType = file.storyboard; name = Base; path = Base.lproj/Main.storyboard; sourceTree = "<group>"; };
		FBA25D8B1F1E70760026AB95 /* Assets.xcassets */ = {isa = PBXFileReference; lastKnownFileType = folder.assetcatalog; path = Assets.xcassets; sourceTree = "<group>"; };
		FBA25D8E1F1E70760026AB95 /* Base */ = {isa = PBXFileReference; lastKnownFileType = file.storyboard; name = Base; path = Base.lproj/LaunchScreen.storyboard; sourceTree = "<group>"; };
		FBA25D901F1E70760026AB95 /* Info.plist */ = {isa = PBXFileReference; lastKnownFileType = text.plist.xml; path = Info.plist; sourceTree = "<group>"; };
		FBA25D951F1E70760026AB95 /* chuangke2Tests.xctest */ = {isa = PBXFileReference; explicitFileType = wrapper.cfbundle; includeInIndex = 0; path = chuangke2Tests.xctest; sourceTree = BUILT_PRODUCTS_DIR; };
		FBA25D991F1E70760026AB95 /* chuangke2Tests.m */ = {isa = PBXFileReference; lastKnownFileType = sourcecode.c.objc; path = chuangke2Tests.m; sourceTree = "<group>"; };
		FBA25D9B1F1E70760026AB95 /* Info.plist */ = {isa = PBXFileReference; lastKnownFileType = text.plist.xml; path = Info.plist; sourceTree = "<group>"; };
		FBA25DA01F1E70760026AB95 /* chuangke2UITests.xctest */ = {isa = PBXFileReference; explicitFileType = wrapper.cfbundle; includeInIndex = 0; path = chuangke2UITests.xctest; sourceTree = BUILT_PRODUCTS_DIR; };
		FBA25DA41F1E70760026AB95 /* chuangke2UITests.m */ = {isa = PBXFileReference; lastKnownFileType = sourcecode.c.objc; path = chuangke2UITests.m; sourceTree = "<group>"; };
		FBA25DA61F1E70760026AB95 /* Info.plist */ = {isa = PBXFileReference; lastKnownFileType = text.plist.xml; path = Info.plist; sourceTree = "<group>"; };
/* End PBXFileReference section */

/* Begin PBXFrameworksBuildPhase section */
		FBA25D791F1E70750026AB95 /* Frameworks */ = {
			isa = PBXFrameworksBuildPhase;
			buildActionMask = 2147483647;
			files = (
			);
			runOnlyForDeploymentPostprocessing = 0;
		};
		FBA25D921F1E70760026AB95 /* Frameworks */ = {
			isa = PBXFrameworksBuildPhase;
			buildActionMask = 2147483647;
			files = (
			);
			runOnlyForDeploymentPostprocessing = 0;
		};
		FBA25D9D1F1E70760026AB95 /* Frameworks */ = {
			isa = PBXFrameworksBuildPhase;
			buildActionMask = 2147483647;
			files = (
			);
			runOnlyForDeploymentPostprocessing = 0;
		};
/* End PBXFrameworksBuildPhase section */

/* Begin PBXGroup section */
		FBA25D731F1E70750026AB95 = {
			isa = PBXGroup;
			children = (
				FBA25D7E1F1E70760026AB95 /* chuangke2 */,
				FBA25D981F1E70760026AB95 /* chuangke2Tests */,
				FBA25DA31F1E70760026AB95 /* chuangke2UITests */,
				FBA25D7D1F1E70760026AB95 /* Products */,
			);
			sourceTree = "<group>";
		};
		FBA25D7D1F1E70760026AB95 /* Products */ = {
			isa = PBXGroup;
			children = (
				FBA25D7C1F1E70760026AB95 /* chuangke2.app */,
				FBA25D951F1E70760026AB95 /* chuangke2Tests.xctest */,
				FBA25DA01F1E70760026AB95 /* chuangke2UITests.xctest */,
			);
			name = Products;
			sourceTree = "<group>";
		};
		FBA25D7E1F1E70760026AB95 /* chuangke2 */ = {
			isa = PBXGroup;
			children = (
				FBA25D821F1E70760026AB95 /* AppDelegate.h */,
				FBA25D831F1E70760026AB95 /* AppDelegate.m */,
				FBA25D851F1E70760026AB95 /* ViewController.h */,
				FBA25D861F1E70760026AB95 /* ViewController.m */,
				FBA25D881F1E70760026AB95 /* Main.storyboard */,
				FBA25D8B1F1E70760026AB95 /* Assets.xcassets */,
				FBA25D8D1F1E70760026AB95 /* LaunchScreen.storyboard */,
				FBA25D901F1E70760026AB95 /* Info.plist */,
				FBA25D7F1F1E70760026AB95 /* Supporting Files */,
			);
			path = chuangke2;
			sourceTree = "<group>";
		};
		FBA25D7F1F1E70760026AB95 /* Supporting Files */ = {
			isa = PBXGroup;
			children = (
				FBA25D801F1E70760026AB95 /* main.m */,
			);
			name = "Supporting Files";
			sourceTree = "<group>";
		};
		FBA25D981F1E70760026AB95 /* chuangke2Tests */ = {
			isa = PBXGroup;
			children = (
				FBA25D991F1E70760026AB95 /* chuangke2Tests.m */,
				FBA25D9B1F1E70760026AB95 /* Info.plist */,
			);
			path = chuangke2Tests;
			sourceTree = "<group>";
		};
		FBA25DA31F1E70760026AB95 /* chuangke2UITests */ = {
			isa = PBXGroup;
			children = (
				FBA25DA41F1E70760026AB95 /* chuangke2UITests.m */,
				FBA25DA61F1E70760026AB95 /* Info.plist */,
			);
			path = chuangke2UITests;
			sourceTree = "<group>";
		};
/* End PBXGroup section */

/* Begin PBXNativeTarget section */
		FBA25D7B1F1E70750026AB95 /* chuangke2 */ = {
			isa = PBXNativeTarget;
			buildConfigurationList = FBA25DA91F1E70760026AB95 /* Build configuration list for PBXNativeTarget "chuangke2" */;
			buildPhases = (
				FBA25D781F1E70750026AB95 /* Sources */,
				FBA25D791F1E70750026AB95 /* Frameworks */,
				FBA25D7A1F1E70750026AB95 /* Resources */,
			);
			buildRules = (
			);
			dependencies = (
			);
			name = chuangke2;
			productName = chuangke2;
			productReference = FBA25D7C1F1E70760026AB95 /* chuangke2.app */;
			productType = "com.apple.product-type.application";
		};
		FBA25D941F1E70760026AB95 /* chuangke2Tests */ = {
			isa = PBXNativeTarget;
			buildConfigurationList = FBA25DAC1F1E70760026AB95 /* Build configuration list for PBXNativeTarget "chuangke2Tests" */;
			buildPhases = (
				FBA25D911F1E70760026AB95 /* Sources */,
				FBA25D921F1E70760026AB95 /* Frameworks */,
				FBA25D931F1E70760026AB95 /* Resources */,
			);
			buildRules = (
			);
			dependencies = (
				FBA25D971F1E70760026AB95 /* PBXTargetDependency */,
			);
			name = chuangke2Tests;
			productName = chuangke2Tests;
			productReference = FBA25D951F1E70760026AB95 /* chuangke2Tests.xctest */;
			productType = "com.apple.product-type.bundle.unit-test";
		};
		FBA25D9F1F1E70760026AB95 /* chuangke2UITests */ = {
			isa = PBXNativeTarget;
			buildConfigurationList = FBA25DAF1F1E70760026AB95 /* Build configuration list for PBXNativeTarget "chuangke2UITests" */;
			buildPhases = (
				FBA25D9C1F1E70760026AB95 /* Sources */,
				FBA25D9D1F1E70760026AB95 /* Frameworks */,
				FBA25D9E1F1E70760026AB95 /* Resources */,
			);
			buildRules = (
			);
			dependencies = (
				FBA25DA21F1E70760026AB95 /* PBXTargetDependency */,
			);
			name = chuangke2UITests;
			productName = chuangke2UITests;
			productReference = FBA25DA01F1E70760026AB95 /* chuangke2UITests.xctest */;
			productType = "com.apple.product-type.bundle.ui-testing";
		};
/* End PBXNativeTarget section */

/* Begin PBXProject section */
		FBA25D741F1E70750026AB95 /* Project object */ = {
			isa = PBXProject;
			attributes = {
				LastUpgradeCheck = 0800;
				ORGANIZATIONNAME = zx;
				TargetAttributes = {
					FBA25D7B1F1E70750026AB95 = {
						CreatedOnToolsVersion = 8.0;
						ProvisioningStyle = Automatic;
					};
					FBA25D941F1E70760026AB95 = {
						CreatedOnToolsVersion = 8.0;
						ProvisioningStyle = Automatic;
						TestTargetID = FBA25D7B1F1E70750026AB95;
					};
					FBA25D9F1F1E70760026AB95 = {
						CreatedOnToolsVersion = 8.0;
						ProvisioningStyle = Automatic;
						TestTargetID = FBA25D7B1F1E70750026AB95;
					};
				};
			};
			buildConfigurationList = FBA25D771F1E70750026AB95 /* Build configuration list for PBXProject "chuangke2" */;
			compatibilityVersion = "Xcode 3.2";
			developmentRegion = English;
			hasScannedForEncodings = 0;
			knownRegions = (
				en,
				Base,
			);
			mainGroup = FBA25D731F1E70750026AB95;
			productRefGroup = FBA25D7D1F1E70760026AB95 /* Products */;
			projectDirPath = "";
			projectRoot = "";
			targets = (
				FBA25D7B1F1E70750026AB95 /* chuangke2 */,
				FBA25D941F1E70760026AB95 /* chuangke2Tests */,
				FBA25D9F1F1E70760026AB95 /* chuangke2UITests */,
			);
		};
/* End PBXProject section */

/* Begin PBXResourcesBuildPhase section */
		FBA25D7A1F1E70750026AB95 /* Resources */ = {
			isa = PBXResourcesBuildPhase;
			buildActionMask = 2147483647;
			files = (
				FBA25D8F1F1E70760026AB95 /* LaunchScreen.storyboard in Resources */,
				FBA25D8C1F1E70760026AB95 /* Assets.xcassets in Resources */,
				FBA25D8A1F1E70760026AB95 /* Main.storyboard in Resources */,
			);
			runOnlyForDeploymentPostprocessing = 0;
		};
		FBA25D931F1E70760026AB95 /* Resources */ = {
			isa = PBXResourcesBuildPhase;
			buildActionMask = 2147483647;
			files = (
			);
			runOnlyForDeploymentPostprocessing = 0;
		};
		FBA25D9E1F1E70760026AB95 /* Resources */ = {
			isa = PBXResourcesBuildPhase;
			buildActionMask = 2147483647;
			files = (
			);
			runOnlyForDeploymentPostprocessing = 0;
		};
/* End PBXResourcesBuildPhase section */

/* Begin PBXSourcesBuildPhase section */
		FBA25D781F1E70750026AB95 /* Sources */ = {
			isa = PBXSourcesBuildPhase;
			buildActionMask = 2147483647;
			files = (
				FBA25D871F1E70760026AB95 /* ViewController.m in Sources */,
				FBA25D841F1E70760026AB95 /* AppDelegate.m in Sources */,
				FBA25D811F1E70760026AB95 /* main.m in Sources */,
			);
			runOnlyForDeploymentPostprocessing = 0;
		};
		FBA25D911F1E70760026AB95 /* Sources */ = {
			isa = PBXSourcesBuildPhase;
			buildActionMask = 2147483647;
			files = (
				FBA25D9A1F1E70760026AB95 /* chuangke2Tests.m in Sources */,
			);
			runOnlyForDeploymentPostprocessing = 0;
		};
		FBA25D9C1F1E70760026AB95 /* Sources */ = {
			isa = PBXSourcesBuildPhase;
			buildActionMask = 2147483647;
			files = (
				FBA25DA51F1E70760026AB95 /* chuangke2UITests.m in Sources */,
			);
			runOnlyForDeploymentPostprocessing = 0;
		};
/* End PBXSourcesBuildPhase section */

/* Begin PBXTargetDependency section */
		FBA25D971F1E70760026AB95 /* PBXTargetDependency */ = {
			isa = PBXTargetDependency;
			target = FBA25D7B1F1E70750026AB95 /* chuangke2 */;
			targetProxy = FBA25D961F1E70760026AB95 /* PBXContainerItemProxy */;
		};
		FBA25DA21F1E70760026AB95 /* PBXTargetDependency */ = {
			isa = PBXTargetDependency;
			target = FBA25D7B1F1E70750026AB95 /* chuangke2 */;
			targetProxy = FBA25DA11F1E70760026AB95 /* PBXContainerItemProxy */;
		};
/* End PBXTargetDependency section */

/* Begin PBXVariantGroup section */
		FBA25D881F1E70760026AB95 /* Main.storyboard */ = {
			isa = PBXVariantGroup;
			children = (
				FBA25D891F1E70760026AB95 /* Base */,
			);
			name = Main.storyboard;
			sourceTree = "<group>";
		};
		FBA25D8D1F1E70760026AB95 /* LaunchScreen.storyboard */ = {
			isa = PBXVariantGroup;
			children = (
				FBA25D8E1F1E70760026AB95 /* Base */,
			);
			name = LaunchScreen.storyboard;
			sourceTree = "<group>";
		};
/* End PBXVariantGroup section */

/* Begin XCBuildConfiguration section */
		FBA25DA71F1E70760026AB95 /* Debug */ = {
			isa = XCBuildConfiguration;
			buildSettings = {
				ALWAYS_SEARCH_USER_PATHS = NO;
				CLANG_ANALYZER_NONNULL = YES;
				CLANG_CXX_LANGUAGE_STANDARD = "gnu++0x";
				CLANG_CXX_LIBRARY = "libc++";
				CLANG_ENABLE_MODULES = YES;
				CLANG_ENABLE_OBJC_ARC = YES;
				CLANG_WARN_BOOL_CONVERSION = YES;
				CLANG_WARN_CONSTANT_CONVERSION = YES;
				CLANG_WARN_DIRECT_OBJC_ISA_USAGE = YES_ERROR;
				CLANG_WARN_DOCUMENTATION_COMMENTS = YES;
				CLANG_WARN_EMPTY_BODY = YES;
				CLANG_WARN_ENUM_CONVERSION = YES;
				CLANG_WARN_INFINITE_RECURSION = YES;
				CLANG_WARN_INT_CONVERSION = YES;
				CLANG_WARN_OBJC_ROOT_CLASS = YES_ERROR;
				CLANG_WARN_SUSPICIOUS_MOVES = YES;
				CLANG_WARN_UNREACHABLE_CODE = YES;
				CLANG_WARN__DUPLICATE_METHOD_MATCH = YES;
				"CODE_SIGN_IDENTITY[sdk=iphoneos*]" = "iPhone Developer";
				COPY_PHASE_STRIP = NO;
				DEBUG_INFORMATION_FORMAT = dwarf;
				ENABLE_STRICT_OBJC_MSGSEND = YES;
				ENABLE_TESTABILITY = YES;
				GCC_C_LANGUAGE_STANDARD = gnu99;
				GCC_DYNAMIC_NO_PIC = NO;
				GCC_NO_COMMON_BLOCKS = YES;
				GCC_OPTIMIZATION_LEVEL = 0;
				GCC_PREPROCESSOR_DEFINITIONS = (
					"DEBUG=1",
					"$(inherited)",
				);
				GCC_WARN_64_TO_32_BIT_CONVERSION = YES;
				GCC_WARN_ABOUT_RETURN_TYPE = YES_ERROR;
				GCC_WARN_UNDECLARED_SELECTOR = YES;
				GCC_WARN_UNINITIALIZED_AUTOS = YES_AGGRESSIVE;
				GCC_WARN_UNUSED_FUNCTION = YES;
				GCC_WARN_UNUSED_VARIABLE = YES;
				IPHONEOS_DEPLOYMENT_TARGET = 10.0;
				MTL_ENABLE_DEBUG_INFO = YES;
				ONLY_ACTIVE_ARCH = YES;
				SDKROOT = iphoneos;
				TARGETED_DEVICE_FAMILY = "1,2";
			};
			name = Debug;
		};
		FBA25DA81F1E70760026AB95 /* Release */ = {
			isa = XCBuildConfiguration;
			buildSettings = {
				ALWAYS_SEARCH_USER_PATHS = NO;
				CLANG_ANALYZER_NONNULL = YES;
				CLANG_CXX_LANGUAGE_STANDARD = "gnu++0x";
				CLANG_CXX_LIBRARY = "libc++";
				CLANG_ENABLE_MODULES = YES;
				CLANG_ENABLE_OBJC_ARC = YES;
				CLANG_WARN_BOOL_CONVERSION = YES;
				CLANG_WARN_CONSTANT_CONVERSION = YES;
				CLANG_WARN_DIRECT_OBJC_ISA_USAGE = YES_ERROR;
				CLANG_WARN_DOCUMENTATION_COMMENTS = YES;
				CLANG_WARN_EMPTY_BODY = YES;
				CLANG_WARN_ENUM_CONVERSION = YES;
				CLANG_WARN_INFINITE_RECURSION = YES;
				CLANG_WARN_INT_CONVERSION = YES;
				CLANG_WARN_OBJC_ROOT_CLASS = YES_ERROR;
				CLANG_WARN_SUSPICIOUS_MOVES = YES;
				CLANG_WARN_UNREACHABLE_CODE = YES;
				CLANG_WARN__DUPLICATE_METHOD_MATCH = YES;
				"CODE_SIGN_IDENTITY[sdk=iphoneos*]" = "iPhone Developer";
				COPY_PHASE_STRIP = NO;
				DEBUG_INFORMATION_FORMAT = "dwarf-with-dsym";
				ENABLE_NS_ASSERTIONS = NO;
				ENABLE_STRICT_OBJC_MSGSEND = YES;
				GCC_C_LANGUAGE_STANDARD = gnu99;
				GCC_NO_COMMON_BLOCKS = YES;
				GCC_WARN_64_TO_32_BIT_CONVERSION = YES;
				GCC_WARN_ABOUT_RETURN_TYPE = YES_ERROR;
				GCC_WARN_UNDECLARED_SELECTOR = YES;
				GCC_WARN_UNINITIALIZED_AUTOS = YES_AGGRESSIVE;
				GCC_WARN_UNUSED_FUNCTION = YES;
				GCC_WARN_UNUSED_VARIABLE = YES;
				IPHONEOS_DEPLOYMENT_TARGET = 10.0;
				MTL_ENABLE_DEBUG_INFO = NO;
				SDKROOT = iphoneos;
				TARGETED_DEVICE_FAMILY = "1,2";
				VALIDATE_PRODUCT = YES;
			};
			name = Release;
		};
		FBA25DAA1F1E70760026AB95 /* Debug */ = {
			isa = XCBuildConfiguration;
			buildSettings = {
				ASSETCATALOG_COMPILER_APPICON_NAME = AppIcon;
				INFOPLIST_FILE = chuangke2/Info.plist;
				LD_RUNPATH_SEARCH_PATHS = "$(inherited) @executable_path/Frameworks";
				PRODUCT_BUNDLE_IDENTIFIER = test.chuangke2;
				PRODUCT_NAME = "$(TARGET_NAME)";
			};
			name = Debug;
		};
		FBA25DAB1F1E70760026AB95 /* Release */ = {
			isa = XCBuildConfiguration;
			buildSettings = {
				ASSETCATALOG_COMPILER_APPICON_NAME = AppIcon;
				INFOPLIST_FILE = chuangke2/Info.plist;
				LD_RUNPATH_SEARCH_PATHS = "$(inherited) @executable_path/Frameworks";
				PRODUCT_BUNDLE_IDENTIFIER = test.chuangke2;
				PRODUCT_NAME = "$(TARGET_NAME)";
			};
			name = Release;
		};
		FBA25DAD1F1E70760026AB95 /* Debug */ = {
			isa = XCBuildConfiguration;
			buildSettings = {
				BUNDLE_LOADER = "$(TEST_HOST)";
				INFOPLIST_FILE = chuangke2Tests/Info.plist;
				LD_RUNPATH_SEARCH_PATHS = "$(inherited) @executable_path/Frameworks @loader_path/Frameworks";
				PRODUCT_BUNDLE_IDENTIFIER = test.chuangke2Tests;
				PRODUCT_NAME = "$(TARGET_NAME)";
				TEST_HOST = "$(BUILT_PRODUCTS_DIR)/chuangke2.app/chuangke2";
			};
			name = Debug;
		};
		FBA25DAE1F1E70760026AB95 /* Release */ = {
			isa = XCBuildConfiguration;
			buildSettings = {
				BUNDLE_LOADER = "$(TEST_HOST)";
				INFOPLIST_FILE = chuangke2Tests/Info.plist;
				LD_RUNPATH_SEARCH_PATHS = "$(inherited) @executable_path/Frameworks @loader_path/Frameworks";
				PRODUCT_BUNDLE_IDENTIFIER = test.chuangke2Tests;
				PRODUCT_NAME = "$(TARGET_NAME)";
				TEST_HOST = "$(BUILT_PRODUCTS_DIR)/chuangke2.app/chuangke2";
			};
			name = Release;
		};
		FBA25DB01F1E70760026AB95 /* Debug */ = {
			isa = XCBuildConfiguration;
			buildSettings = {
				INFOPLIST_FILE = chuangke2UITests/Info.plist;
				LD_RUNPATH_SEARCH_PATHS = "$(inherited) @executable_path/Frameworks @loader_path/Frameworks";
				PRODUCT_BUNDLE_IDENTIFIER = test.chuangke2UITests;
				PRODUCT_NAME = "$(TARGET_NAME)";
				TEST_TARGET_NAME = chuangke2;
			};
			name = Debug;
		};
		FBA25DB11F1E70760026AB95 /* Release */ = {
			isa = XCBuildConfiguration;
			buildSettings = {
				INFOPLIST_FILE = chuangke2UITests/Info.plist;
				LD_RUNPATH_SEARCH_PATHS = "$(inherited) @executable_path/Frameworks @loader_path/Frameworks";
				PRODUCT_BUNDLE_IDENTIFIER = test.chuangke2UITests;
				PRODUCT_NAME = "$(TARGET_NAME)";
				TEST_TARGET_NAME = chuangke2;
			};
			name = Release;
		};
/* End XCBuildConfiguration section */

/* Begin XCConfigurationList section */
		FBA25D771F1E70750026AB95 /* Build configuration list for PBXProject "chuangke2" */ = {
			isa = XCConfigurationList;
			buildConfigurations = (
				FBA25DA71F1E70760026AB95 /* Debug */,
				FBA25DA81F1E70760026AB95 /* Release */,
			);
			defaultConfigurationIsVisible = 0;
			defaultConfigurationName = Release;
		};
		FBA25DA91F1E70760026AB95 /* Build configuration list for PBXNativeTarget "chuangke2" */ = {
			isa = XCConfigurationList;
			buildConfigurations = (
				FBA25DAA1F1E70760026AB95 /* Debug */,
				FBA25DAB1F1E70760026AB95 /* Release */,
			);
			defaultConfigurationIsVisible = 0;
		};
		FBA25DAC1F1E70760026AB95 /* Build configuration list for PBXNativeTarget "chuangke2Tests" */ = {
			isa = XCConfigurationList;
			buildConfigurations = (
				FBA25DAD1F1E70760026AB95 /* Debug */,
				FBA25DAE1F1E70760026AB95 /* Release */,
			);
			defaultConfigurationIsVisible = 0;
		};
		FBA25DAF1F1E70760026AB95 /* Build configuration list for PBXNativeTarget "chuangke2UITests" */ = {
			isa = XCConfigurationList;
			buildConfigurations = (
				FBA25DB01F1E70760026AB95 /* Debug */,
				FBA25DB11F1E70760026AB95 /* Release */,
			);
			defaultConfigurationIsVisible = 0;
		};
/* End XCConfigurationList section */
	};
	rootObject = FBA25D741F1E70750026AB95 /* Project object */;
}
